# This file is automatically @generated by Poetry and should not be changed by hand.

[[package]]
name = "libscca-python"
version = "20221027"
description = "Python bindings module for libscca"
category = "main"
optional = false
python-versions = "*"
files = [
    {file = "libscca-python-20221027.tar.gz", hash = "sha256:bd133bd138ee00a27d11e862fe3b6c9c968855d321fa403f5510e071e95782b2"},
    {file = "libscca_python-20221027-cp27-cp27m-win32.whl", hash = "sha256:1cdced540379afc3c14a71f6547ea164ede81a48865649d02b7c61891dbb42e0"},
    {file = "libscca_python-20221027-cp27-cp27m-win_amd64.whl", hash = "sha256:174825de38605fe84203975a7d99477b5ecf027c8eb25528b76c51c705e1e02f"},
    {file = "libscca_python-20221027-cp310-cp310-macosx_12_0_x86_64.whl", hash = "sha256:a64ab0f6a8428c2fd394f446a3e7dfcc3ddd50b0b9c6fd82e901bee5704fe000"},
    {file = "libscca_python-20221027-cp310-cp310-win32.whl", hash = "sha256:384352054fa4cf11775c6401f8df39d9d2f5cf5be43c4f267e92016e7d738932"},
    {file = "libscca_python-20221027-cp310-cp310-win_amd64.whl", hash = "sha256:003427e883c522d1ef3d130d1df1dfd02e54edc2ed151be088d1a3902ecaba16"},
]

[metadata]
lock-version = "2.0"
python-versions = "^3.8"
content-hash = "c2e18ab88f8f505f07b2cb05599ec5fcb37c8604be559d9ab61a271e6f85e6db"
